Microsoft Visual Studio Solution File, Format Version 12.00
Project("{FAE04EC0-301F-11D3-BF4B-00C04F79EFBC}") = "ITMO.SymbolicComputations.Base", "ITMO.SymbolicComputations.Base\ITMO.SymbolicComputations.Base.csproj", "{007B2346-DCB0-4720-BD7E-4CD515416A9E}"
EndProject
Project("{FAE04EC0-301F-11D3-BF4B-00C04F79EFBC}") = "ITMO.SymbolicComputations.Base.Tests", "ITMO.SymbolicComputations.Base.Tests\ITMO.SymbolicComputations.Base.Tests.csproj", "{F3FC29E3-35A8-4C86-B571-CEC75EF43437}"
EndProject
Project("{FAE04EC0-301F-11D3-BF4B-00C04F79EFBC}") = "ITMO.SymbolicComputations.Charts", "ITMO.SymbolicComputations.Charts\ITMO.SymbolicComputations.Charts.csproj", "{A04E5EC6-19F2-4453-8A9B-EBB894B91916}"
EndProject
Project("{FAE04EC0-301F-11D3-BF4B-00C04F79EFBC}") = "ITMO.SymbolicComputations.Charts.Tests", "ITMO.SymbolicComputations.Charts.Tests\ITMO.SymbolicComputations.Charts.Tests.csproj", "{822204AE-19C5-4B77-9100-2DD81B720C31}"
EndProject
Project("{FAE04EC0-301F-11D3-BF4B-00C04F79EFBC}") = "ITMO.SymbolicComputations.Polynomial", "ITMO.SymbolicComputations.Polynomial\ITMO.SymbolicComputations.Polynomial.csproj", "{385CFAE5-B713-44A1-AF88-36CB8AB876E2}"
EndProject
Project("{FAE04EC0-301F-11D3-BF4B-00C04F79EFBC}") = "ITMO.SymbolicComputations.Polynomial.Tests", "ITMO.SymbolicComputations.Polynomial.Tests\ITMO.SymbolicComputations.Polynomial.Tests.csproj", "{B7EE3A19-F630-4267-8EFC-BAAB297C469D}"
EndProject
Project("{FAE04EC0-301F-11D3-BF4B-00C04F79EFBC}") = "Tests.Base", "Tests.Base\Tests.Base.csproj", "{C3554F13-08B0-4FE8-A0A4-885A06E489C8}"
EndProject
Global
	GlobalSection(SolutionConfigurationPlatforms) = preSolution
		Debug|Any CPU = Debug|Any CPU
		Release|Any CPU = Release|Any CPU
	EndGlobalSection
	GlobalSection(ProjectConfigurationPlatforms) = postSolution
		{007B2346-DCB0-4720-BD7E-4CD515416A9E}.Debug|Any CPU.ActiveCfg = Debug|Any CPU
		{007B2346-DCB0-4720-BD7E-4CD515416A9E}.Debug|Any CPU.Build.0 = Debug|Any CPU
		{007B2346-DCB0-4720-BD7E-4CD515416A9E}.Release|Any CPU.ActiveCfg = Release|Any CPU
		{007B2346-DCB0-4720-BD7E-4CD515416A9E}.Release|Any CPU.Build.0 = Release|Any CPU
		{F3FC29E3-35A8-4C86-B571-CEC75EF43437}.Debug|Any CPU.ActiveCfg = Debug|Any CPU
		{F3FC29E3-35A8-4C86-B571-CEC75EF43437}.Debug|Any CPU.Build.0 = Debug|Any CPU
		{F3FC29E3-35A8-4C86-B571-CEC75EF43437}.Release|Any CPU.ActiveCfg = Release|Any CPU
		{F3FC29E3-35A8-4C86-B571-CEC75EF43437}.Release|Any CPU.Build.0 = Release|Any CPU
		{A04E5EC6-19F2-4453-8A9B-EBB894B91916}.Debug|Any CPU.ActiveCfg = Debug|Any CPU
		{A04E5EC6-19F2-4453-8A9B-EBB894B91916}.Debug|Any CPU.Build.0 = Debug|Any CPU
		{A04E5EC6-19F2-4453-8A9B-EBB894B91916}.Release|Any CPU.ActiveCfg = Release|Any CPU
		{A04E5EC6-19F2-4453-8A9B-EBB894B91916}.Release|Any CPU.Build.0 = Release|Any CPU
		{822204AE-19C5-4B77-9100-2DD81B720C31}.Debug|Any CPU.ActiveCfg = Debug|Any CPU
		{822204AE-19C5-4B77-9100-2DD81B720C31}.Debug|Any CPU.Build.0 = Debug|Any CPU
		{822204AE-19C5-4B77-9100-2DD81B720C31}.Release|Any CPU.ActiveCfg = Release|Any CPU
		{822204AE-19C5-4B77-9100-2DD81B720C31}.Release|Any CPU.Build.0 = Release|Any CPU
		{385CFAE5-B713-44A1-AF88-36CB8AB876E2}.Debug|Any CPU.ActiveCfg = Debug|Any CPU
		{385CFAE5-B713-44A1-AF88-36CB8AB876E2}.Debug|Any CPU.Build.0 = Debug|Any CPU
		{385CFAE5-B713-44A1-AF88-36CB8AB876E2}.Release|Any CPU.ActiveCfg = Release|Any CPU
		{385CFAE5-B713-44A1-AF88-36CB8AB876E2}.Release|Any CPU.Build.0 = Release|Any CPU
		{B7EE3A19-F630-4267-8EFC-BAAB297C469D}.Debug|Any CPU.ActiveCfg = Debug|Any CPU
		{B7EE3A19-F630-4267-8EFC-BAAB297C469D}.Debug|Any CPU.Build.0 = Debug|Any CPU
		{B7EE3A19-F630-4267-8EFC-BAAB297C469D}.Release|Any CPU.ActiveCfg = Release|Any CPU
		{B7EE3A19-F630-4267-8EFC-BAAB297C469D}.Release|Any CPU.Build.0 = Release|Any CPU
		{C3554F13-08B0-4FE8-A0A4-885A06E489C8}.Debug|Any CPU.ActiveCfg = Debug|Any CPU
		{C3554F13-08B0-4FE8-A0A4-885A06E489C8}.Debug|Any CPU.Build.0 = Debug|Any CPU
		{C3554F13-08B0-4FE8-A0A4-885A06E489C8}.Release|Any CPU.ActiveCfg = Release|Any CPU
		{C3554F13-08B0-4FE8-A0A4-885A06E489C8}.Release|Any CPU.Build.0 = Release|Any CPU
	EndGlobalSection
EndGlobal
